GEM
  remote: https://rubygems.org/
  specs:
    CFPropertyList (3.0.8)
    activesupport (5.2.8.1)
      concurrent-ruby (~> 1.0, >= 1.0.2)
      i18n (>= 0.7, < 2)
      minitest (~> 5.1)
      tzinfo (~> 1.1)
    addressable (2.8.8)
      public_suffix (>= 2.0.2, < 8.0)
    algoliasearch (1.27.5)
      httpclient (~> 2.8, >= 2.8.3)
      json (>= 1.5.1)
    atomos (0.1.3)
    claide (1.1.0)
    cocoapods (1.16.2)
      addressable (~> 2.8)
      claide (>= 1.0.2, < 2.0)
      cocoapods-core (= 1.16.2)
      cocoapods-deintegrate (>= 1.0.3, < 2.0)
      cocoapods-downloader (>= 2.1, < 3.0)
      cocoapods-plugins (>= 1.0.0, < 2.0)
      cocoapods-search (>= 1.0.0, < 2.0)
      cocoapods-trunk (>= 1.6.0, < 2.0)
      cocoapods-try (>= 1.1.0, < 2.0)
      colored2 (~> 3.1)
      escape (~> 0.0.4)
      fourflusher (>= 2.3.0, < 3.0)
      gh_inspector (~> 1.0)
      molinillo (~> 0.8.0)
      nap (~> 1.0)
      ruby-macho (>= 2.3.0, < 3.0)
      xcodeproj (>= 1.27.0, < 2.0)
    cocoapods-core (1.16.2)
      activesupport (>= 5.0, < 8)
      addressable (~> 2.8)
      algoliasearch (~> 1.0)
      concurrent-ruby (~> 1.1)
      fuzzy_match (~> 2.0.4)
      nap (~> 1.0)
      netrc (~> 0.11)
      public_suffix (~> 4.0)
      typhoeus (~> 1.0)
    cocoapods-deintegrate (1.0.5)
    cocoapods-downloader (2.1)
    cocoapods-plugins (1.0.0)
      nap
    cocoapods-search (1.0.1)
    cocoapods-trunk (1.6.0)
      nap (>= 0.8, < 2.0)
      netrc (~> 0.11)
    cocoapods-try (1.2.0)
    colored2 (3.1.2)
    concurrent-ruby (1.3.6)
    escape (0.0.4)
    ethon (0.15.0)
      ffi (>= 1.15.0)
    faraday (1.2.0)
      multipart-post (>= 1.2, < 3)
      ruby2_keywords
    faraday_middleware (1.2.1)
      faraday (~> 1.0)
    ffi (1.17.2)
    ffi (1.17.2-aarch64-linux-gnu)
    ffi (1.17.2-aarch64-linux-musl)
    ffi (1.17.2-arm-linux-gnu)
    ffi (1.17.2-arm-linux-musl)
    ffi (1.17.2-arm64-darwin)
    ffi (1.17.2-x86-linux-gnu)
    ffi (1.17.2-x86-linux-musl)
    ffi (1.17.2-x86_64-darwin)
    ffi (1.17.2-x86_64-linux-gnu)
    ffi (1.17.2-x86_64-linux-musl)
    fourflusher (2.3.1)
    fuzzy_match (2.0.4)
    gh (0.18.0)
      activesupport (~> 5.0)
      addressable (~> 2.4)
      faraday (~> 1.0)
      faraday_middleware (~> 1.0)
      multi_json (~> 1.0)
      net-http-persistent (~> 2.9)
      net-http-pipeline
    gh_inspector (1.1.3)
    highline (2.1.0)
    httpclient (2.9.0)
      mutex_m
    i18n (1.14.8)
      concurrent-ruby (~> 1.0)
    json (2.18.0)
    json_pure (2.6.3)
    launchy (2.4.3)
      addressable (~> 2.3)
    minitest (5.27.0)
    molinillo (0.8.0)
    multi_json (1.18.0)
    multipart-post (2.4.1)
    mutex_m (0.3.0)
    nanaimo (0.4.0)
    nap (1.1.0)
    net-http-persistent (2.9.4)
    net-http-pipeline (1.0.1)
    netrc (0.11.0)
    public_suffix (4.0.7)
    pusher-client (0.6.2)
      json
      websocket (~> 1.0)
    rexml (3.4.4)
    ruby-macho (2.5.1)
    ruby2_keywords (0.0.5)
    thread_safe (0.3.6)
    travis (1.11.1)
      faraday (~> 1.0)
      faraday_middleware (~> 1.0)
      gh (~> 0.13)
      highline (~> 2.0)
      json_pure (~> 2.3)
      launchy (~> 2.1, < 2.5.0)
      pusher-client (~> 0.4)
    typhoeus (1.5.0)
      ethon (>= 0.9.0, < 0.16.0)
    tzinfo (1.2.11)
      thread_safe (~> 0.1)
    websocket (1.2.11)
    xcodeproj (1.27.0)
      CFPropertyList (>= 2.3.3, < 4.0)
      atomos (~> 0.1.3)
      claide (>= 1.0.2, < 2.0)
      colored2 (~> 3.1)
      nanaimo (~> 0.4.0)
      rexml (>= 3.3.6, < 4.0)

PLATFORMS
  aarch64-linux-gnu
  aarch64-linux-musl
  arm-linux-gnu
  arm-linux-musl
  arm64-darwin
  ruby
  x86-linux-gnu
  x86-linux-musl
  x86_64-darwin
  x86_64-linux-gnu
  x86_64-linux-musl

DEPENDENCIES
  cocoapods (~> 1.10)
  travis (~> 1.10)

CHECKSUMS
  CFPropertyList (3.0.8) sha256=2c99d0d980536d3d7ab252f7bd59ac8be50fbdd1ff487c98c949bb66bb114261
  activesupport (5.2.8.1) sha256=f0498c616e1b243c7b56d67920c389f959c186ad7031569e80335b42e1d22564
  addressable (2.8.8) sha256=7c13b8f9536cf6364c03b9d417c19986019e28f7c00ac8132da4eb0fe393b057
  algoliasearch (1.27.5) sha256=26c1cddf3c2ec4bd60c148389e42702c98fdac862881dc6b07a4c0b89ffec853
  atomos (0.1.3) sha256=7d43b22f2454a36bace5532d30785b06de3711399cb1c6bf932573eda536789f
  claide (1.1.0) sha256=6d3c5c089dde904d96aa30e73306d0d4bd444b1accb9b3125ce14a3c0183f82e
  cocoapods (1.16.2) sha256=0ff1c860f32df3db8b16df09b58da1a6bb2a12fe55f6d5e8be994a74fadd1e5e
  cocoapods-core (1.16.2) sha256=4bb1b5c420691e60cf36fa227dec6bc48c096c34c97bb7aa512ea7f3246fc12b
  cocoapods-deintegrate (1.0.5) sha256=517c2a448ef563afe99b6e7668704c27f5de9e02715a88ee9de6974dc1b3f6a2
  cocoapods-downloader (2.1) sha256=bb6ebe1b3966dc4055de54f7a28b773485ac724fdf575d9bee2212d235e7b6d1
  cocoapods-plugins (1.0.0) sha256=725d17ce90b52f862e73476623fd91441b4430b742d8a071000831efb440ca9a
  cocoapods-search (1.0.1) sha256=1b133b0e6719ed439bd840e84a1828cca46425ab73a11eff5e096c3b2df05589
  cocoapods-trunk (1.6.0) sha256=5f5bda8c172afead48fa2d43a718cf534b1313c367ba1194cebdeb9bfee9ed31
  cocoapods-try (1.2.0) sha256=145b946c6e7747ed0301d975165157951153d27469e6b2763c83e25c84b9defe
  colored2 (3.1.2) sha256=b13c2bd7eeae2cf7356a62501d398e72fde78780bd26aec6a979578293c28b4a
  concurrent-ruby (1.3.6) sha256=6b56837e1e7e5292f9864f34b69c5a2cbc75c0cf5338f1ce9903d10fa762d5ab
  escape (0.0.4) sha256=e49f44ae2b4f47c6a3abd544ae77fe4157802794e32f19b8e773cbc4dcec4169
  ethon (0.15.0) sha256=0809805a035bc10f54162ca99f15ded49e428e0488bcfe1c08c821e18261a74d
  faraday (1.2.0) sha256=bd5c138304ee53907f8d0747724660c3a1cdf77d530d1cecd70d141299194b99
  faraday_middleware (1.2.1) sha256=d45b78c8ee864c4783fbc276f845243d4a7918a67301c052647bacabec0529e9
  ffi (1.17.2) sha256=297235842e5947cc3036ebe64077584bff583cd7a4e94e9a02fdec399ef46da6
  ffi (1.17.2-aarch64-linux-gnu) sha256=c910bd3cae70b76690418cce4572b7f6c208d271f323d692a067d59116211a1a
  ffi (1.17.2-aarch64-linux-musl) sha256=69e6556b091d45df83e6c3b19d3c54177c206910965155a6ec98de5e893c7b7c
  ffi (1.17.2-arm-linux-gnu) sha256=d4a438f2b40224ae42ec72f293b3ebe0ba2159f7d1bd47f8417e6af2f68dbaa5
  ffi (1.17.2-arm-linux-musl) sha256=977dfb7f3a6381206dbda9bc441d9e1f9366bf189a634559c3b7c182c497aaa3
  ffi (1.17.2-arm64-darwin) sha256=54dd9789be1d30157782b8de42d8f887a3c3c345293b57ffb6b45b4d1165f813
  ffi (1.17.2-x86-linux-gnu) sha256=95d8f9ebea23c39888e2ab85a02c98f54acb2f4e79b829250d7267ce741dc7b0
  ffi (1.17.2-x86-linux-musl) sha256=41741449bab2b9530f42a47baa5c26263925306fad0ac2d60887f51af2e3b24c
  ffi (1.17.2-x86_64-darwin) sha256=981f2d4e32ea03712beb26e55e972797c2c5a7b0257955d8667ba58f2da6440e
  ffi (1.17.2-x86_64-linux-gnu) sha256=05d2026fc9dbb7cfd21a5934559f16293815b7ce0314846fee2ac8efbdb823ea
  ffi (1.17.2-x86_64-linux-musl) sha256=97c0eb3981414309285a64dc4d466bd149e981c279a56371ef811395d68cb95c
  fourflusher (2.3.1) sha256=1b3de61c7c791b6a4e64f31e3719eb25203d151746bb519a0292bff1065ccaa9
  fuzzy_match (2.0.4) sha256=b5de4f95816589c5b5c3ad13770c0af539b75131c158135b3f3bbba75d0cfca5
  gh (0.18.0) sha256=eb93f18a88db3ba92eb888610fc53fae731d9dacfe55922b58cc3f3aca776a47
  gh_inspector (1.1.3) sha256=04cca7171b87164e053aa43147971d3b7f500fcb58177698886b48a9fc4a1939
  highline (2.1.0) sha256=d63d7f472f8ffaa143725161ae6fb06895b5cb7527e0b4dac5ad1e4902c80cb9
  httpclient (2.9.0) sha256=4b645958e494b2f86c2f8a2f304c959baa273a310e77a2931ddb986d83e498c8
  i18n (1.14.8) sha256=285778639134865c5e0f6269e0b818256017e8cde89993fdfcbfb64d088824a5
  json (2.18.0) sha256=b10506aee4183f5cf49e0efc48073d7b75843ce3782c68dbeb763351c08fd505
  json_pure (2.6.3) sha256=c39185aa41c04a1933b8d66d1294224743262ee6881adc7b5a488ab2ae19c74e
  launchy (2.4.3) sha256=42f52ce12c6fe079bac8a804c66522a0eefe176b845a62df829defe0e37214a4
  minitest (5.27.0) sha256=2d3b17f8a36fe7801c1adcffdbc38233b938eb0b4966e97a6739055a45fa77d5
  molinillo (0.8.0) sha256=efbff2716324e2a30bccd3eba1ff3a735f4d5d53ffddbc6a2f32c0ca9433045d
  multi_json (1.18.0) sha256=23f70cf73e2895a33e6d10f0ec955b28ef5627ca4bbad0f292e7d16f4675596f
  multipart-post (2.4.1) sha256=9872d03a8e552020ca096adadbf5e3cb1cd1cdd6acd3c161136b8a5737cdb4a8
  mutex_m (0.3.0) sha256=cfcb04ac16b69c4813777022fdceda24e9f798e48092a2b817eb4c0a782b0751
  nanaimo (0.4.0) sha256=faf069551bab17f15169c1f74a1c73c220657e71b6e900919897a10d991d0723
  nap (1.1.0) sha256=949691660f9d041d75be611bb2a8d2fd559c467537deac241f4097d9b5eea576
  net-http-persistent (2.9.4) sha256=24274d207ffe66222ef70c78a052c7ea6e66b4ff21e2e8a99e3335d095822ef9
  net-http-pipeline (1.0.1) sha256=6923ce2f28bfde589a9f385e999395eead48ccfe4376d4a85d9a77e8c7f0b22f
  netrc (0.11.0) sha256=de1ce33da8c99ab1d97871726cba75151113f117146becbe45aa85cb3dabee3f
  public_suffix (4.0.7) sha256=8be161e2421f8d45b0098c042c06486789731ea93dc3a896d30554ee38b573b8
  pusher-client (0.6.2) sha256=c405c931090e126c056d99f6b69a01b1bcb6cbfdde02389c93e7d547c6efd5a3
  rexml (3.4.4) sha256=19e0a2c3425dfbf2d4fc1189747bdb2f849b6c5e74180401b15734bc97b5d142
  ruby-macho (2.5.1) sha256=9075e52e0f9270b552a90b24fcc6219ad149b0d15eae1bc364ecd0ac8984f5c9
  ruby2_keywords (0.0.5) sha256=ffd13740c573b7301cf7a2e61fc857b2a8e3d3aff32545d6f8300d8bae10e3ef
  thread_safe (0.3.6) sha256=9ed7072821b51c57e8d6b7011a8e282e25aeea3a4065eab326e43f66f063b05a
  travis (1.11.1) sha256=e4f8f8fe08b62cf59bea40bbb1b2a1478d53377a72de104ea75f841b96d9d869
  typhoeus (1.5.0) sha256=120b67ed1ef515e6c0e938176db880f15b0916f038e78ce2a66290f3f1de3e3b
  tzinfo (1.2.11) sha256=6501f6a12175ca0243118b83f7c7c2b7978aaec7a0980550a124d007ad6361b6
  websocket (1.2.11) sha256=b7e7a74e2410b5e85c25858b26b3322f29161e300935f70a0e0d3c35e0462737
  xcodeproj (1.27.0) sha256=8cc7a73b4505c227deab044dce118ede787041c702bc47636856a2e566f854d3

BUNDLED WITH
   2.6.9
